
Microsoft Visual Studio Solution File, Format Version 12.00
# Visual Studio Version 16
VisualStudioVersion = 16.0.31613.86
MinimumVisualStudioVersion = 10.0.40219.1
Project("{FAE04EC0-301F-11D3-BF4B-00C04F79EFBC}") = "B0226497_段昱如_PDPR_week5_4", "B0226497_段昱如_PDPR_week5_4.csproj", "{4D2709D4-72DC-4F22-9777-EF3EEEE6AD6B}"
EndProject
Global
	GlobalSection(SolutionConfigurationPlatforms) = preSolution
		Debug|Any CPU = Debug|Any CPU
		Release|Any CPU = Release|Any CPU
	EndGlobalSection
	GlobalSection(ProjectConfigurationPlatforms) = postSolution
		{4D2709D4-72DC-4F22-9777-EF3EEEE6AD6B}.Debug|Any CPU.ActiveCfg = Debug|Any CPU
		{4D2709D4-72DC-4F22-9777-EF3EEEE6AD6B}.Debug|Any CPU.Build.0 = Debug|Any CPU
		{4D2709D4-72DC-4F22-9777-EF3EEEE6AD6B}.Release|Any CPU.ActiveCfg = Release|Any CPU
		{4D2709D4-72DC-4F22-9777-EF3EEEE6AD6B}.Release|Any CPU.Build.0 = Release|Any CPU
	EndGlobalSection
	GlobalSection(SolutionProperties) = preSolution
		HideSolutionNode = FALSE
	EndGlobalSection
	GlobalSection(ExtensibilityGlobals) = postSolution
		SolutionGuid = {0D9A03C6-2EF4-461F-B359-D41DF1B5E987}
	EndGlobalSection
EndGlobal
